
Microsoft Visual Studio Solution File, Format Version 12.00
# Visual Studio Version 17
VisualStudioVersion = 17.9.34728.123
MinimumVisualStudioVersion = 10.0.40219.1
Project("{FAE04EC0-301F-11D3-BF4B-00C04F79EFBC}") = "PP_Escaner_PodbielskiAlejo", "PP_Escaner_PodbielskiAlejo\PP_Escaner_PodbielskiAlejo.csproj", "{FB303F59-51A0-415B-9AA0-95D46CBC0DF4}"
EndProject
Project("{FAE04EC0-301F-11D3-BF4B-00C04F79EFBC}") = "Entidades", "Entidades\Entidades.csproj", "{299CE31D-CB6E-405A-9D32-D7D0041891B3}"
EndProject
Global
	GlobalSection(SolutionConfigurationPlatforms) = preSolution
		Debug|Any CPU = Debug|Any CPU
		Release|Any CPU = Release|Any CPU
	EndGlobalSection
	GlobalSection(ProjectConfigurationPlatforms) = postSolution
		{FB303F59-51A0-415B-9AA0-95D46CBC0DF4}.Debug|Any CPU.ActiveCfg = Debug|Any CPU
		{FB303F59-51A0-415B-9AA0-95D46CBC0DF4}.Debug|Any CPU.Build.0 = Debug|Any CPU
		{FB303F59-51A0-415B-9AA0-95D46CBC0DF4}.Release|Any CPU.ActiveCfg = Release|Any CPU
		{FB303F59-51A0-415B-9AA0-95D46CBC0DF4}.Release|Any CPU.Build.0 = Release|Any CPU
		{299CE31D-CB6E-405A-9D32-D7D0041891B3}.Debug|Any CPU.ActiveCfg = Debug|Any CPU
		{299CE31D-CB6E-405A-9D32-D7D0041891B3}.Debug|Any CPU.Build.0 = Debug|Any CPU
		{299CE31D-CB6E-405A-9D32-D7D0041891B3}.Release|Any CPU.ActiveCfg = Release|Any CPU
		{299CE31D-CB6E-405A-9D32-D7D0041891B3}.Release|Any CPU.Build.0 = Release|Any CPU
	EndGlobalSection
	GlobalSection(SolutionProperties) = preSolution
		HideSolutionNode = FALSE
	EndGlobalSection
	GlobalSection(ExtensibilityGlobals) = postSolution
		SolutionGuid = {6F87418D-3152-4986-8AD6-FDD50D669B2C}
	EndGlobalSection
EndGlobal
